
Microsoft Visual Studio Solution File, Format Version 12.00
# Visual Studio Version 17
VisualStudioVersion = 17.2.32516.85
MinimumVisualStudioVersion = 10.0.40219.1
Project("{FAE04EC0-301F-11D3-BF4B-00C04F79EFBC}") = "StudentInfo", "StudentInfo\StudentInfo.csproj", "{C9C17596-6730-4E2C-BC34-2ADEC98E5EFD}"
EndProject
Global
	GlobalSection(SolutionConfigurationPlatforms) = preSolution
		Debug|Any CPU = Debug|Any CPU
		Release|Any CPU = Release|Any CPU
	EndGlobalSection
	GlobalSection(ProjectConfigurationPlatforms) = postSolution
		{C9C17596-6730-4E2C-BC34-2ADEC98E5EFD}.Debug|Any CPU.ActiveCfg = Debug|Any CPU
		{C9C17596-6730-4E2C-BC34-2ADEC98E5EFD}.Debug|Any CPU.Build.0 = Debug|Any CPU
		{C9C17596-6730-4E2C-BC34-2ADEC98E5EFD}.Release|Any CPU.ActiveCfg = Release|Any CPU
		{C9C17596-6730-4E2C-BC34-2ADEC98E5EFD}.Release|Any CPU.Build.0 = Release|Any CPU
	EndGlobalSection
	GlobalSection(SolutionProperties) = preSolution
		HideSolutionNode = FALSE
	EndGlobalSection
	GlobalSection(ExtensibilityGlobals) = postSolution
		SolutionGuid = {341DA43C-908F-4765-8114-AA8CF11077FD}
	EndGlobalSection
EndGlobal
