
Microsoft Visual Studio Solution File, Format Version 12.00
# Visual Studio Version 17
VisualStudioVersion = 17.2.32516.85
MinimumVisualStudioVersion = 10.0.40219.1
Project("{FAE04EC0-301F-11D3-BF4B-00C04F79EFBC}") = "BulkyBookWeb", "BulkyBookWeb\BulkyBookWeb.csproj", "{A3866B6E-86FB-4772-AE64-08A2DA7FB1BD}"
EndProject
Global
	GlobalSection(SolutionConfigurationPlatforms) = preSolution
		Debug|Any CPU = Debug|Any CPU
		Release|Any CPU = Release|Any CPU
	EndGlobalSection
	GlobalSection(ProjectConfigurationPlatforms) = postSolution
		{A3866B6E-86FB-4772-AE64-08A2DA7FB1BD}.Debug|Any CPU.ActiveCfg = Debug|Any CPU
		{A3866B6E-86FB-4772-AE64-08A2DA7FB1BD}.Debug|Any CPU.Build.0 = Debug|Any CPU
		{A3866B6E-86FB-4772-AE64-08A2DA7FB1BD}.Release|Any CPU.ActiveCfg = Release|Any CPU
		{A3866B6E-86FB-4772-AE64-08A2DA7FB1BD}.Release|Any CPU.Build.0 = Release|Any CPU
	EndGlobalSection
	GlobalSection(SolutionProperties) = preSolution
		HideSolutionNode = FALSE
	EndGlobalSection
	GlobalSection(ExtensibilityGlobals) = postSolution
		SolutionGuid = {293366F2-013D-4E8B-800A-D12AD3711DFA}
	EndGlobalSection
EndGlobal
