
Microsoft Visual Studio Solution File, Format Version 12.00
# Visual Studio Version 17
VisualStudioVersion = 17.2.32516.85
MinimumVisualStudioVersion = 10.0.40219.1
Project("{FAE04EC0-301F-11D3-BF4B-00C04F79EFBC}") = "TodoApps", "TodoApps\TodoApps.csproj", "{127B1C43-9D34-4D0C-98B6-2906AE9D9D51}"
EndProject
Global
	GlobalSection(SolutionConfigurationPlatforms) = preSolution
		Debug|Any CPU = Debug|Any CPU
		Release|Any CPU = Release|Any CPU
	EndGlobalSection
	GlobalSection(ProjectConfigurationPlatforms) = postSolution
		{127B1C43-9D34-4D0C-98B6-2906AE9D9D51}.Debug|Any CPU.ActiveCfg = Debug|Any CPU
		{127B1C43-9D34-4D0C-98B6-2906AE9D9D51}.Debug|Any CPU.Build.0 = Debug|Any CPU
		{127B1C43-9D34-4D0C-98B6-2906AE9D9D51}.Release|Any CPU.ActiveCfg = Release|Any CPU
		{127B1C43-9D34-4D0C-98B6-2906AE9D9D51}.Release|Any CPU.Build.0 = Release|Any CPU
	EndGlobalSection
	GlobalSection(SolutionProperties) = preSolution
		HideSolutionNode = FALSE
	EndGlobalSection
	GlobalSection(ExtensibilityGlobals) = postSolution
		SolutionGuid = {1958E3FE-08E3-4C20-8678-BBD06C257D31}
	EndGlobalSection
EndGlobal
