
Microsoft Visual Studio Solution File, Format Version 12.00
# Visual Studio Version 17
VisualStudioVersion = 17.2.32516.85
MinimumVisualStudioVersion = 10.0.40219.1
Project("{FAE04EC0-301F-11D3-BF4B-00C04F79EFBC}") = "OrderManagement", "OrderManagement\OrderManagement.csproj", "{BEF28026-ADD3-4D81-B51E-41E61657581C}"
EndProject
Global
	GlobalSection(SolutionConfigurationPlatforms) = preSolution
		Debug|Any CPU = Debug|Any CPU
		Release|Any CPU = Release|Any CPU
	EndGlobalSection
	GlobalSection(ProjectConfigurationPlatforms) = postSolution
		{BEF28026-ADD3-4D81-B51E-41E61657581C}.Debug|Any CPU.ActiveCfg = Debug|Any CPU
		{BEF28026-ADD3-4D81-B51E-41E61657581C}.Debug|Any CPU.Build.0 = Debug|Any CPU
		{BEF28026-ADD3-4D81-B51E-41E61657581C}.Release|Any CPU.ActiveCfg = Release|Any CPU
		{BEF28026-ADD3-4D81-B51E-41E61657581C}.Release|Any CPU.Build.0 = Release|Any CPU
	EndGlobalSection
	GlobalSection(SolutionProperties) = preSolution
		HideSolutionNode = FALSE
	EndGlobalSection
	GlobalSection(ExtensibilityGlobals) = postSolution
		SolutionGuid = {123C9208-CC46-4B28-AEEB-AB793777875C}
	EndGlobalSection
EndGlobal
